
Microsoft Visual Studio Solution File, Format Version 12.00
# Visual Studio Version 17
VisualStudioVersion = 17.0.32014.148
MinimumVisualStudioVersion = 10.0.40219.1
Project("{FAE04EC0-301F-11D3-BF4B-00C04F79EFBC}") = "SalesWebMvc", "SalesWebMvc\SalesWebMvc.csproj", "{8B5C9200-0C11-44FA-BE3E-35F1AD9B38DB}"
EndProject
Global
	GlobalSection(SolutionConfigurationPlatforms) = preSolution
		Debug|Any CPU = Debug|Any CPU
		Release|Any CPU = Release|Any CPU
	EndGlobalSection
	GlobalSection(ProjectConfigurationPlatforms) = postSolution
		{8B5C9200-0C11-44FA-BE3E-35F1AD9B38DB}.Debug|Any CPU.ActiveCfg = Debug|Any CPU
		{8B5C9200-0C11-44FA-BE3E-35F1AD9B38DB}.Debug|Any CPU.Build.0 = Debug|Any CPU
		{8B5C9200-0C11-44FA-BE3E-35F1AD9B38DB}.Release|Any CPU.ActiveCfg = Release|Any CPU
		{8B5C9200-0C11-44FA-BE3E-35F1AD9B38DB}.Release|Any CPU.Build.0 = Release|Any CPU
	EndGlobalSection
	GlobalSection(SolutionProperties) = preSolution
		HideSolutionNode = FALSE
	EndGlobalSection
	GlobalSection(ExtensibilityGlobals) = postSolution
		SolutionGuid = {E0547A75-B594-433A-BEC5-8ADD18F9FFFA}
	EndGlobalSection
EndGlobal
